{
  "name": "@zero-org/mini-card-sdk",
  "version": "1.0.1",
  "lockfileVersion": 3,
  "requires": true,
  "packages": {
    "": {
      "name": "@zero-org/mini-card-sdk",
      "version": "1.0.0",
      "license": "MIT",
      "dependencies": {
        "miniprogram-component": "^1.0.0"
      },
      "devDependencies": {
        "miniprogram-api-typings": "^2.12.0",
        "typescript": "^5.8.3"
      }
    },
    "node_modules/miniprogram-api-typings": {
      "version": "2.12.0",
      "resolved": "https://registry.npmjs.org/miniprogram-api-typings/-/miniprogram-api-typings-2.12.0.tgz",
      "integrity": "sha512-ibvbqeslVFur0IAvTxLMvsbtvVcMo6gwvOnj0YZHV7aeDLu091VQRrETT2QuiG9P6aZWRcxeNGJChRKVPCp9VQ==",
      "dev": true,
      "license": "MIT"
    },
    "node_modules/miniprogram-component": {
      "version": "1.0.0",
      "resolved": "https://registry.npmjs.org/miniprogram-component/-/miniprogram-component-1.0.0.tgz",
      "integrity": "sha512-sfi1PoDdfG/l9Z8Cm4h36eaj/2zCE57bluPESqcKndLDYpaQmcf4TwdUbNnVtHBJVSapfn9NwDcH5AVCpG9Kkg==",
      "license": "ISC"
    },
    "node_modules/typescript": {
      "version": "5.8.3",
      "resolved": "https://registry.npmjs.org/typescript/-/typescript-5.8.3.tgz",
      "integrity": "sha512-p1diW6TqL9L07nNxvRMM7hMMw4c5XOo/1ibL4aAIGmSAt9slTE1Xgw5KWuof2uTOvCg9BY7ZRi+GaF+7sfgPeQ==",
      "dev": true,
      "license": "Apache-2.0",
      "bin": {
        "tsc": "bin/tsc",
        "tsserver": "bin/tsserver"
      },
      "engines": {
        "node": ">=14.17"
      }
    }
  }
}
